
Microsoft Visual Studio Solution File, Format Version 12.00
# Visual Studio Version 16
VisualStudioVersion = 16.0.33214.272
MinimumVisualStudioVersion = 10.0.40219.1
Project("{FAE04EC0-301F-11D3-BF4B-00C04F79EFBC}") = "UniEats Alpha", "UniEats Alpha.csproj", "{057F52C5-11E4-4110-8A18-AF245B856BFE}"
EndProject
Global
	GlobalSection(SolutionConfigurationPlatforms) = preSolution
		Debug|Any CPU = Debug|Any CPU
		Release|Any CPU = Release|Any CPU
	EndGlobalSection
	GlobalSection(ProjectConfigurationPlatforms) = postSolution
		{057F52C5-11E4-4110-8A18-AF245B856BFE}.Debug|Any CPU.ActiveCfg = Debug|Any CPU
		{057F52C5-11E4-4110-8A18-AF245B856BFE}.Debug|Any CPU.Build.0 = Debug|Any CPU
		{057F52C5-11E4-4110-8A18-AF245B856BFE}.Release|Any CPU.ActiveCfg = Release|Any CPU
		{057F52C5-11E4-4110-8A18-AF245B856BFE}.Release|Any CPU.Build.0 = Release|Any CPU
	EndGlobalSection
	GlobalSection(SolutionProperties) = preSolution
		HideSolutionNode = FALSE
	EndGlobalSection
	GlobalSection(ExtensibilityGlobals) = postSolution
		SolutionGuid = {8217D14B-115B-49E6-95DA-65528BB79C32}
	EndGlobalSection
EndGlobal
